
Microsoft Visual Studio Solution File, Format Version 12.00
# Visual Studio Version 16
VisualStudioVersion = 16.0.33423.256
MinimumVisualStudioVersion = 10.0.40219.1
Project("{FAE04EC0-301F-11D3-BF4B-00C04F79EFBC}") = "DAPMQuanAo", "DAPMQuanAo\DAPMQuanAo.csproj", "{BA29EBBD-D7CA-463D-B7AB-83E8B9C11077}"
EndProject
Global
	GlobalSection(SolutionConfigurationPlatforms) = preSolution
		Debug|Any CPU = Debug|Any CPU
		Release|Any CPU = Release|Any CPU
	EndGlobalSection
	GlobalSection(ProjectConfigurationPlatforms) = postSolution
		{BA29EBBD-D7CA-463D-B7AB-83E8B9C11077}.Debug|Any CPU.ActiveCfg = Debug|Any CPU
		{BA29EBBD-D7CA-463D-B7AB-83E8B9C11077}.Debug|Any CPU.Build.0 = Debug|Any CPU
		{BA29EBBD-D7CA-463D-B7AB-83E8B9C11077}.Release|Any CPU.ActiveCfg = Release|Any CPU
		{BA29EBBD-D7CA-463D-B7AB-83E8B9C11077}.Release|Any CPU.Build.0 = Release|Any CPU
	EndGlobalSection
	GlobalSection(SolutionProperties) = preSolution
		HideSolutionNode = FALSE
	EndGlobalSection
	GlobalSection(ExtensibilityGlobals) = postSolution
		SolutionGuid = {015A5BF2-1264-4104-B7AA-7B8DA88C7EAA}
	EndGlobalSection
EndGlobal
